// !$*UTF8*$!
{
	archiveVersion = 1;
	classes = {
	};
	objectVersion = 56;
	objects = {

/* Begin PBXBuildFile section */
		74C64EEB2AC18E8100F3263C /* AppDelegate.swift in Sources */ = {isa = PBXBuildFile; fileRef = 74C64EEA2AC18E8100F3263C /* AppDelegate.swift */; };
		74C64EED2AC18E8100F3263C /* ViewController.swift in Sources */ = {isa = PBXBuildFile; fileRef = 74C64EEC2AC18E8100F3263C /* ViewController.swift */; };
		74C64EEF2AC18E8200F3263C /* Assets.xcassets in Resources */ = {isa = PBXBuildFile; fileRef = 74C64EEE2AC18E8200F3263C /* Assets.xcassets */; };
		74C64EF22AC18E8200F3263C /* Main.storyboard in Resources */ = {isa = PBXBuildFile; fileRef = 74C64EF02AC18E8200F3263C /* Main.storyboard */; };
		74C64EFD2AC18E8200F3263C /* wSwitchTests.swift in Sources */ = {isa = PBXBuildFile; fileRef = 74C64EFC2AC18E8200F3263C /* wSwitchTests.swift */; };
		74C64F072AC18E8300F3263C /* wSwitchUITests.swift in Sources */ = {isa = PBXBuildFile; fileRef = 74C64F062AC18E8300F3263C /* wSwitchUITests.swift */; };
		74C64F092AC18E8300F3263C /* wSwitchUITestsLaunchTests.swift in Sources */ = {isa = PBXBuildFile; fileRef = 74C64F082AC18E8300F3263C /* wSwitchUITestsLaunchTests.swift */; };
/* End PBXBuildFile section */

/* Begin PBXContainerItemProxy section */
		74C64EF92AC18E8200F3263C /* PBXContainerItemProxy */ = {
			isa = PBXContainerItemProxy;
			containerPortal = 74C64EDF2AC18E8100F3263C /* Project object */;
			proxyType = 1;
			remoteGlobalIDString = 74C64EE62AC18E8100F3263C;
			remoteInfo = wSwitch;
		};
		74C64F032AC18E8300F3263C /* PBXContainerItemProxy */ = {
			isa = PBXContainerItemProxy;
			containerPortal = 74C64EDF2AC18E8100F3263C /* Project object */;
			proxyType = 1;
			remoteGlobalIDString = 74C64EE62AC18E8100F3263C;
			remoteInfo = wSwitch;
		};
/* End PBXContainerItemProxy section */

/* Begin PBXFileReference section */
		74C64EE72AC18E8100F3263C /* wSwitch.app */ = {isa = PBXFileReference; explicitFileType = wrapper.application; includeInIndex = 0; path = wSwitch.app; sourceTree = BUILT_PRODUCTS_DIR; };
		74C64EEA2AC18E8100F3263C /* AppDelegate.swift */ = {isa = PBXFileReference; lastKnownFileType = sourcecode.swift; path = AppDelegate.swift; sourceTree = "<group>"; };
		74C64EEC2AC18E8100F3263C /* ViewController.swift */ = {isa = PBXFileReference; lastKnownFileType = sourcecode.swift; path = ViewController.swift; sourceTree = "<group>"; };
		74C64EEE2AC18E8200F3263C /* Assets.xcassets */ = {isa = PBXFileReference; lastKnownFileType = folder.assetcatalog; path = Assets.xcassets; sourceTree = "<group>"; };
		74C64EF12AC18E8200F3263C /* Base */ = {isa = PBXFileReference; lastKnownFileType = file.storyboard; name = Base; path = Base.lproj/Main.storyboard; sourceTree = "<group>"; };
		74C64EF32AC18E8200F3263C /* wSwitch.entitlements */ = {isa = PBXFileReference; lastKnownFileType = text.plist.entitlements; path = wSwitch.entitlements; sourceTree = "<group>"; };
		74C64EF82AC18E8200F3263C /* wSwitchTests.xctest */ = {isa = PBXFileReference; explicitFileType = wrapper.cfbundle; includeInIndex = 0; path = wSwitchTests.xctest; sourceTree = BUILT_PRODUCTS_DIR; };
		74C64EFC2AC18E8200F3263C /* wSwitchTests.swift */ = {isa = PBXFileReference; lastKnownFileType = sourcecode.swift; path = wSwitchTests.swift; sourceTree = "<group>"; };
		74C64F022AC18E8300F3263C /* wSwitchUITests.xctest */ = {isa = PBXFileReference; explicitFileType = wrapper.cfbundle; includeInIndex = 0; path = wSwitchUITests.xctest; sourceTree = BUILT_PRODUCTS_DIR; };
		74C64F062AC18E8300F3263C /* wSwitchUITests.swift */ = {isa = PBXFileReference; lastKnownFileType = sourcecode.swift; path = wSwitchUITests.swift; sourceTree = "<group>"; };
		74C64F082AC18E8300F3263C /* wSwitchUITestsLaunchTests.swift */ = {isa = PBXFileReference; lastKnownFileType = sourcecode.swift; path = wSwitchUITestsLaunchTests.swift; sourceTree = "<group>"; };
/* End PBXFileReference section */

/* Begin PBXFrameworksBuildPhase section */
		74C64EE42AC18E8100F3263C /* Frameworks */ = {
			isa = PBXFrameworksBuildPhase;
			buildActionMask = 2147483647;
			files = (
			);
			runOnlyForDeploymentPostprocessing = 0;
		};
		74C64EF52AC18E8200F3263C /* Frameworks */ = {
			isa = PBXFrameworksBuildPhase;
			buildActionMask = 2147483647;
			files = (
			);
			runOnlyForDeploymentPostprocessing = 0;
		};
		74C64EFF2AC18E8300F3263C /* Frameworks */ = {
			isa = PBXFrameworksBuildPhase;
			buildActionMask = 2147483647;
			files = (
			);
			runOnlyForDeploymentPostprocessing = 0;
		};
/* End PBXFrameworksBuildPhase section */

/* Begin PBXGroup section */
		74C64EDE2AC18E8100F3263C = {
			isa = PBXGroup;
			children = (
				74C64EE92AC18E8100F3263C /* wSwitch */,
				74C64EFB2AC18E8200F3263C /* wSwitchTests */,
				74C64F052AC18E8300F3263C /* wSwitchUITests */,
				74C64EE82AC18E8100F3263C /* Products */,
			);
			sourceTree = "<group>";
		};
		74C64EE82AC18E8100F3263C /* Products */ = {
			isa = PBXGroup;
			children = (
				74C64EE72AC18E8100F3263C /* wSwitch.app */,
				74C64EF82AC18E8200F3263C /* wSwitchTests.xctest */,
				74C64F022AC18E8300F3263C /* wSwitchUITests.xctest */,
			);
			name = Products;
			sourceTree = "<group>";
		};
		74C64EE92AC18E8100F3263C /* wSwitch */ = {
			isa = PBXGroup;
			children = (
				74C64EEA2AC18E8100F3263C /* AppDelegate.swift */,
				74C64EEC2AC18E8100F3263C /* ViewController.swift */,
				74C64EEE2AC18E8200F3263C /* Assets.xcassets */,
				74C64EF02AC18E8200F3263C /* Main.storyboard */,
				74C64EF32AC18E8200F3263C /* wSwitch.entitlements */,
			);
			path = wSwitch;
			sourceTree = "<group>";
		};
		74C64EFB2AC18E8200F3263C /* wSwitchTests */ = {
			isa = PBXGroup;
			children = (
				74C64EFC2AC18E8200F3263C /* wSwitchTests.swift */,
			);
			path = wSwitchTests;
			sourceTree = "<group>";
		};
		74C64F052AC18E8300F3263C /* wSwitchUITests */ = {
			isa = PBXGroup;
			children = (
				74C64F062AC18E8300F3263C /* wSwitchUITests.swift */,
				74C64F082AC18E8300F3263C /* wSwitchUITestsLaunchTests.swift */,
			);
			path = wSwitchUITests;
			sourceTree = "<group>";
		};
/* End PBXGroup section */

/* Begin PBXNativeTarget section */
		74C64EE62AC18E8100F3263C /* wSwitch */ = {
			isa = PBXNativeTarget;
			buildConfigurationList = 74C64F0C2AC18E8300F3263C /* Build configuration list for PBXNativeTarget "wSwitch" */;
			buildPhases = (
				74C64EE32AC18E8100F3263C /* Sources */,
				74C64EE42AC18E8100F3263C /* Frameworks */,
				74C64EE52AC18E8100F3263C /* Resources */,
			);
			buildRules = (
			);
			dependencies = (
			);
			name = wSwitch;
			productName = wSwitch;
			productReference = 74C64EE72AC18E8100F3263C /* wSwitch.app */;
			productType = "com.apple.product-type.application";
		};
		74C64EF72AC18E8200F3263C /* wSwitchTests */ = {
			isa = PBXNativeTarget;
			buildConfigurationList = 74C64F0F2AC18E8300F3263C /* Build configuration list for PBXNativeTarget "wSwitchTests" */;
			buildPhases = (
				74C64EF42AC18E8200F3263C /* Sources */,
				74C64EF52AC18E8200F3263C /* Frameworks */,
				74C64EF62AC18E8200F3263C /* Resources */,
			);
			buildRules = (
			);
			dependencies = (
				74C64EFA2AC18E8200F3263C /* PBXTargetDependency */,
			);
			name = wSwitchTests;
			productName = wSwitchTests;
			productReference = 74C64EF82AC18E8200F3263C /* wSwitchTests.xctest */;
			productType = "com.apple.product-type.bundle.unit-test";
		};
		74C64F012AC18E8300F3263C /* wSwitchUITests */ = {
			isa = PBXNativeTarget;
			buildConfigurationList = 74C64F122AC18E8300F3263C /* Build configuration list for PBXNativeTarget "wSwitchUITests" */;
			buildPhases = (
				74C64EFE2AC18E8300F3263C /* Sources */,
				74C64EFF2AC18E8300F3263C /* Frameworks */,
				74C64F002AC18E8300F3263C /* Resources */,
			);
			buildRules = (
			);
			dependencies = (
				74C64F042AC18E8300F3263C /* PBXTargetDependency */,
			);
			name = wSwitchUITests;
			productName = wSwitchUITests;
			productReference = 74C64F022AC18E8300F3263C /* wSwitchUITests.xctest */;
			productType = "com.apple.product-type.bundle.ui-testing";
		};
/* End PBXNativeTarget section */

/* Begin PBXProject section */
		74C64EDF2AC18E8100F3263C /* Project object */ = {
			isa = PBXProject;
			attributes = {
				BuildIndependentTargetsInParallel = 1;
				LastSwiftUpdateCheck = 1500;
				LastUpgradeCheck = 1500;
				TargetAttributes = {
					74C64EE62AC18E8100F3263C = {
						CreatedOnToolsVersion = 15.0;
					};
					74C64EF72AC18E8200F3263C = {
						CreatedOnToolsVersion = 15.0;
						TestTargetID = 74C64EE62AC18E8100F3263C;
					};
					74C64F012AC18E8300F3263C = {
						CreatedOnToolsVersion = 15.0;
						TestTargetID = 74C64EE62AC18E8100F3263C;
					};
				};
			};
			buildConfigurationList = 74C64EE22AC18E8100F3263C /* Build configuration list for PBXProject "wSwitch" */;
			compatibilityVersion = "Xcode 14.0";
			developmentRegion = en;
			hasScannedForEncodings = 0;
			knownRegions = (
				en,
				Base,
			);
			mainGroup = 74C64EDE2AC18E8100F3263C;
			productRefGroup = 74C64EE82AC18E8100F3263C /* Products */;
			projectDirPath = "";
			projectRoot = "";
			targets = (
				74C64EE62AC18E8100F3263C /* wSwitch */,
				74C64EF72AC18E8200F3263C /* wSwitchTests */,
				74C64F012AC18E8300F3263C /* wSwitchUITests */,
			);
		};
/* End PBXProject section */

/* Begin PBXResourcesBuildPhase section */
		74C64EE52AC18E8100F3263C /* Resources */ = {
			isa = PBXResourcesBuildPhase;
			buildActionMask = 2147483647;
			files = (
				74C64EEF2AC18E8200F3263C /* Assets.xcassets in Resources */,
				74C64EF22AC18E8200F3263C /* Main.storyboard in Resources */,
			);
			runOnlyForDeploymentPostprocessing = 0;
		};
		74C64EF62AC18E8200F3263C /* Resources */ = {
			isa = PBXResourcesBuildPhase;
			buildActionMask = 2147483647;
			files = (
			);
			runOnlyForDeploymentPostprocessing = 0;
		};
		74C64F002AC18E8300F3263C /* Resources */ = {
			isa = PBXResourcesBuildPhase;
			buildActionMask = 2147483647;
			files = (
			);
			runOnlyForDeploymentPostprocessing = 0;
		};
/* End PBXResourcesBuildPhase section */

/* Begin PBXSourcesBuildPhase section */
		74C64EE32AC18E8100F3263C /* Sources */ = {
			isa = PBXSourcesBuildPhase;
			buildActionMask = 2147483647;
			files = (
				74C64EED2AC18E8100F3263C /* ViewController.swift in Sources */,
				74C64EEB2AC18E8100F3263C /* AppDelegate.swift in Sources */,
			);
			runOnlyForDeploymentPostprocessing = 0;
		};
		74C64EF42AC18E8200F3263C /* Sources */ = {
			isa = PBXSourcesBuildPhase;
			buildActionMask = 2147483647;
			files = (
				74C64EFD2AC18E8200F3263C /* wSwitchTests.swift in Sources */,
			);
			runOnlyForDeploymentPostprocessing = 0;
		};
		74C64EFE2AC18E8300F3263C /* Sources */ = {
			isa = PBXSourcesBuildPhase;
			buildActionMask = 2147483647;
			files = (
				74C64F092AC18E8300F3263C /* wSwitchUITestsLaunchTests.swift in Sources */,
				74C64F072AC18E8300F3263C /* wSwitchUITests.swift in Sources */,
			);
			runOnlyForDeploymentPostprocessing = 0;
		};
/* End PBXSourcesBuildPhase section */

/* Begin PBXTargetDependency section */
		74C64EFA2AC18E8200F3263C /* PBXTargetDependency */ = {
			isa = PBXTargetDependency;
			target = 74C64EE62AC18E8100F3263C /* wSwitch */;
			targetProxy = 74C64EF92AC18E8200F3263C /* PBXContainerItemProxy */;
		};
		74C64F042AC18E8300F3263C /* PBXTargetDependency */ = {
			isa = PBXTargetDependency;
			target = 74C64EE62AC18E8100F3263C /* wSwitch */;
			targetProxy = 74C64F032AC18E8300F3263C /* PBXContainerItemProxy */;
		};
/* End PBXTargetDependency section */

/* Begin PBXVariantGroup section */
		74C64EF02AC18E8200F3263C /* Main.storyboard */ = {
			isa = PBXVariantGroup;
			children = (
				74C64EF12AC18E8200F3263C /* Base */,
			);
			name = Main.storyboard;
			sourceTree = "<group>";
		};
/* End PBXVariantGroup section */

/* Begin XCBuildConfiguration section */
		74C64F0A2AC18E8300F3263C /* Debug */ = {
			isa = XCBuildConfiguration;
			buildSettings = {
				ALWAYS_SEARCH_USER_PATHS = NO;
				ASSETCATALOG_COMPILER_GENERATE_SWIFT_ASSET_SYMBOL_EXTENSIONS = YES;
				CLANG_ANALYZER_NONNULL = YES;
				CLANG_ANALYZER_NUMBER_OBJECT_CONVERSION = YES_AGGRESSIVE;
				CLANG_CXX_LANGUAGE_STANDARD = "gnu++20";
				CLANG_ENABLE_MODULES = YES;
				CLANG_ENABLE_OBJC_ARC = YES;
				CLANG_ENABLE_OBJC_WEAK = YES;
				CLANG_WARN_BLOCK_CAPTURE_AUTORELEASING = YES;
				CLANG_WARN_BOOL_CONVERSION = YES;
				CLANG_WARN_COMMA = YES;
				CLANG_WARN_CONSTANT_CONVERSION = YES;
				CLANG_WARN_DEPRECATED_OBJC_IMPLEMENTATIONS = YES;
				CLANG_WARN_DIRECT_OBJC_ISA_USAGE = YES_ERROR;
				CLANG_WARN_DOCUMENTATION_COMMENTS = YES;
				CLANG_WARN_EMPTY_BODY = YES;
				CLANG_WARN_ENUM_CONVERSION = YES;
				CLANG_WARN_INFINITE_RECURSION = YES;
				CLANG_WARN_INT_CONVERSION = YES;
				CLANG_WARN_NON_LITERAL_NULL_CONVERSION = YES;
				CLANG_WARN_OBJC_IMPLICIT_RETAIN_SELF = YES;
				CLANG_WARN_OBJC_LITERAL_CONVERSION = YES;
				CLANG_WARN_OBJC_ROOT_CLASS = YES_ERROR;
				CLANG_WARN_QUOTED_INCLUDE_IN_FRAMEWORK_HEADER = YES;
				CLANG_WARN_RANGE_LOOP_ANALYSIS = YES;
				CLANG_WARN_STRICT_PROTOTYPES = YES;
				CLANG_WARN_SUSPICIOUS_MOVE = YES;
				CLANG_WARN_UNGUARDED_AVAILABILITY = YES_AGGRESSIVE;
				CLANG_WARN_UNREACHABLE_CODE = YES;
				CLANG_WARN__DUPLICATE_METHOD_MATCH = YES;
				COPY_PHASE_STRIP = NO;
				DEBUG_INFORMATION_FORMAT = dwarf;
				ENABLE_STRICT_OBJC_MSGSEND = YES;
				ENABLE_TESTABILITY = YES;
				ENABLE_USER_SCRIPT_SANDBOXING = YES;
				GCC_C_LANGUAGE_STANDARD = gnu17;
				GCC_DYNAMIC_NO_PIC = NO;
				GCC_NO_COMMON_BLOCKS = YES;
				GCC_OPTIMIZATION_LEVEL = 0;
				GCC_PREPROCESSOR_DEFINITIONS = (
					"DEBUG=1",
					"$(inherited)",
				);
				GCC_WARN_64_TO_32_BIT_CONVERSION = YES;
				GCC_WARN_ABOUT_RETURN_TYPE = YES_ERROR;
				GCC_WARN_UNDECLARED_SELECTOR = YES;
				GCC_WARN_UNINITIALIZED_AUTOS = YES_AGGRESSIVE;
				GCC_WARN_UNUSED_FUNCTION = YES;
				GCC_WARN_UNUSED_VARIABLE = YES;
				LOCALIZATION_PREFERS_STRING_CATALOGS = YES;
				MACOSX_DEPLOYMENT_TARGET = 13.5;
				MTL_ENABLE_DEBUG_INFO = INCLUDE_SOURCE;
				MTL_FAST_MATH = YES;
				ONLY_ACTIVE_ARCH = YES;
				SDKROOT = macosx;
				SWIFT_ACTIVE_COMPILATION_CONDITIONS = "DEBUG $(inherited)";
				SWIFT_OPTIMIZATION_LEVEL = "-Onone";
			};
			name = Debug;
		};
		74C64F0B2AC18E8300F3263C /* Release */ = {
			isa = XCBuildConfiguration;
			buildSettings = {
				ALWAYS_SEARCH_USER_PATHS = NO;
				ASSETCATALOG_COMPILER_GENERATE_SWIFT_ASSET_SYMBOL_EXTENSIONS = YES;
				CLANG_ANALYZER_NONNULL = YES;
				CLANG_ANALYZER_NUMBER_OBJECT_CONVERSION = YES_AGGRESSIVE;
				CLANG_CXX_LANGUAGE_STANDARD = "gnu++20";
				CLANG_ENABLE_MODULES = YES;
				CLANG_ENABLE_OBJC_ARC = YES;
				CLANG_ENABLE_OBJC_WEAK = YES;
				CLANG_WARN_BLOCK_CAPTURE_AUTORELEASING = YES;
				CLANG_WARN_BOOL_CONVERSION = YES;
				CLANG_WARN_COMMA = YES;
				CLANG_WARN_CONSTANT_CONVERSION = YES;
				CLANG_WARN_DEPRECATED_OBJC_IMPLEMENTATIONS = YES;
				CLANG_WARN_DIRECT_OBJC_ISA_USAGE = YES_ERROR;
				CLANG_WARN_DOCUMENTATION_COMMENTS = YES;
				CLANG_WARN_EMPTY_BODY = YES;
				CLANG_WARN_ENUM_CONVERSION = YES;
				CLANG_WARN_INFINITE_RECURSION = YES;
				CLANG_WARN_INT_CONVERSION = YES;
				CLANG_WARN_NON_LITERAL_NULL_CONVERSION = YES;
				CLANG_WARN_OBJC_IMPLICIT_RETAIN_SELF = YES;
				CLANG_WARN_OBJC_LITERAL_CONVERSION = YES;
				CLANG_WARN_OBJC_ROOT_CLASS = YES_ERROR;
				CLANG_WARN_QUOTED_INCLUDE_IN_FRAMEWORK_HEADER = YES;
				CLANG_WARN_RANGE_LOOP_ANALYSIS = YES;
				CLANG_WARN_STRICT_PROTOTYPES = YES;
				CLANG_WARN_SUSPICIOUS_MOVE = YES;
				CLANG_WARN_UNGUARDED_AVAILABILITY = YES_AGGRESSIVE;
				CLANG_WARN_UNREACHABLE_CODE = YES;
				CLANG_WARN__DUPLICATE_METHOD_MATCH = YES;
				COPY_PHASE_STRIP = NO;
				DEBUG_INFORMATION_FORMAT = "dwarf-with-dsym";
				ENABLE_NS_ASSERTIONS = NO;
				ENABLE_STRICT_OBJC_MSGSEND = YES;
				ENABLE_USER_SCRIPT_SANDBOXING = YES;
				GCC_C_LANGUAGE_STANDARD = gnu17;
				GCC_NO_COMMON_BLOCKS = YES;
				GCC_WARN_64_TO_32_BIT_CONVERSION = YES;
				GCC_WARN_ABOUT_RETURN_TYPE = YES_ERROR;
				GCC_WARN_UNDECLARED_SELECTOR = YES;
				GCC_WARN_UNINITIALIZED_AUTOS = YES_AGGRESSIVE;
				GCC_WARN_UNUSED_FUNCTION = YES;
				GCC_WARN_UNUSED_VARIABLE = YES;
				LOCALIZATION_PREFERS_STRING_CATALOGS = YES;
				MACOSX_DEPLOYMENT_TARGET = 13.5;
				MTL_ENABLE_DEBUG_INFO = NO;
				MTL_FAST_MATH = YES;
				SDKROOT = macosx;
				SWIFT_COMPILATION_MODE = wholemodule;
			};
			name = Release;
		};
		74C64F0D2AC18E8300F3263C /* Debug */ = {
			isa = XCBuildConfiguration;
			buildSettings = {
				ASSETCATALOG_COMPILER_APPICON_NAME = AppIcon;
				ASSETCATALOG_COMPILER_GLOBAL_ACCENT_COLOR_NAME = AccentColor;
				CODE_SIGN_ENTITLEMENTS = wSwitch/wSwitch.entitlements;
				CODE_SIGN_STYLE = Automatic;
				COMBINE_HIDPI_IMAGES = YES;
				CURRENT_PROJECT_VERSION = 1;
				DEVELOPMENT_TEAM = FXM4XSE7NW;
				ENABLE_HARDENED_RUNTIME = YES;
				GENERATE_INFOPLIST_FILE = YES;
				INFOPLIST_KEY_NSHumanReadableCopyright = "";
				INFOPLIST_KEY_NSMainStoryboardFile = Main;
				INFOPLIST_KEY_NSPrincipalClass = NSApplication;
				LD_RUNPATH_SEARCH_PATHS = (
					"$(inherited)",
					"@executable_path/../Frameworks",
				);
				MARKETING_VERSION = 1.0;
				PRODUCT_BUNDLE_IDENTIFIER = oneiric.wSwitch;
				PRODUCT_NAME = "$(TARGET_NAME)";
				SWIFT_EMIT_LOC_STRINGS = YES;
				SWIFT_VERSION = 5.0;
			};
			name = Debug;
		};
		74C64F0E2AC18E8300F3263C /* Release */ = {
			isa = XCBuildConfiguration;
			buildSettings = {
				ASSETCATALOG_COMPILER_APPICON_NAME = AppIcon;
				ASSETCATALOG_COMPILER_GLOBAL_ACCENT_COLOR_NAME = AccentColor;
				CODE_SIGN_ENTITLEMENTS = wSwitch/wSwitch.entitlements;
				CODE_SIGN_STYLE = Automatic;
				COMBINE_HIDPI_IMAGES = YES;
				CURRENT_PROJECT_VERSION = 1;
				DEVELOPMENT_TEAM = FXM4XSE7NW;
				ENABLE_HARDENED_RUNTIME = YES;
				GENERATE_INFOPLIST_FILE = YES;
				INFOPLIST_KEY_NSHumanReadableCopyright = "";
				INFOPLIST_KEY_NSMainStoryboardFile = Main;
				INFOPLIST_KEY_NSPrincipalClass = NSApplication;
				LD_RUNPATH_SEARCH_PATHS = (
					"$(inherited)",
					"@executable_path/../Frameworks",
				);
				MARKETING_VERSION = 1.0;
				PRODUCT_BUNDLE_IDENTIFIER = oneiric.wSwitch;
				PRODUCT_NAME = "$(TARGET_NAME)";
				SWIFT_EMIT_LOC_STRINGS = YES;
				SWIFT_VERSION = 5.0;
			};
			name = Release;
		};
		74C64F102AC18E8300F3263C /* Debug */ = {
			isa = XCBuildConfiguration;
			buildSettings = {
				ALWAYS_EMBED_SWIFT_STANDARD_LIBRARIES = YES;
				BUNDLE_LOADER = "$(TEST_HOST)";
				CODE_SIGN_STYLE = Automatic;
				CURRENT_PROJECT_VERSION = 1;
				DEVELOPMENT_TEAM = FXM4XSE7NW;
				GENERATE_INFOPLIST_FILE = YES;
				MACOSX_DEPLOYMENT_TARGET = 13.5;
				MARKETING_VERSION = 1.0;
				PRODUCT_BUNDLE_IDENTIFIER = oneiric.wSwitchTests;
				PRODUCT_NAME = "$(TARGET_NAME)";
				SWIFT_EMIT_LOC_STRINGS = NO;
				SWIFT_VERSION = 5.0;
				TEST_HOST = "$(BUILT_PRODUCTS_DIR)/wSwitch.app/$(BUNDLE_EXECUTABLE_FOLDER_PATH)/wSwitch";
			};
			name = Debug;
		};
		74C64F112AC18E8300F3263C /* Release */ = {
			isa = XCBuildConfiguration;
			buildSettings = {
				ALWAYS_EMBED_SWIFT_STANDARD_LIBRARIES = YES;
				BUNDLE_LOADER = "$(TEST_HOST)";
				CODE_SIGN_STYLE = Automatic;
				CURRENT_PROJECT_VERSION = 1;
				DEVELOPMENT_TEAM = FXM4XSE7NW;
				GENERATE_INFOPLIST_FILE = YES;
				MACOSX_DEPLOYMENT_TARGET = 13.5;
				MARKETING_VERSION = 1.0;
				PRODUCT_BUNDLE_IDENTIFIER = oneiric.wSwitchTests;
				PRODUCT_NAME = "$(TARGET_NAME)";
				SWIFT_EMIT_LOC_STRINGS = NO;
				SWIFT_VERSION = 5.0;
				TEST_HOST = "$(BUILT_PRODUCTS_DIR)/wSwitch.app/$(BUNDLE_EXECUTABLE_FOLDER_PATH)/wSwitch";
			};
			name = Release;
		};
		74C64F132AC18E8300F3263C /* Debug */ = {
			isa = XCBuildConfiguration;
			buildSettings = {
				ALWAYS_EMBED_SWIFT_STANDARD_LIBRARIES = YES;
				CODE_SIGN_STYLE = Automatic;
				CURRENT_PROJECT_VERSION = 1;
				DEVELOPMENT_TEAM = FXM4XSE7NW;
				GENERATE_INFOPLIST_FILE = YES;
				MARKETING_VERSION = 1.0;
				PRODUCT_BUNDLE_IDENTIFIER = oneiric.wSwitchUITests;
				PRODUCT_NAME = "$(TARGET_NAME)";
				SWIFT_EMIT_LOC_STRINGS = NO;
				SWIFT_VERSION = 5.0;
				TEST_TARGET_NAME = wSwitch;
			};
			name = Debug;
		};
		74C64F142AC18E8300F3263C /* Release */ = {
			isa = XCBuildConfiguration;
			buildSettings = {
				ALWAYS_EMBED_SWIFT_STANDARD_LIBRARIES = YES;
				CODE_SIGN_STYLE = Automatic;
				CURRENT_PROJECT_VERSION = 1;
				DEVELOPMENT_TEAM = FXM4XSE7NW;
				GENERATE_INFOPLIST_FILE = YES;
				MARKETING_VERSION = 1.0;
				PRODUCT_BUNDLE_IDENTIFIER = oneiric.wSwitchUITests;
				PRODUCT_NAME = "$(TARGET_NAME)";
				SWIFT_EMIT_LOC_STRINGS = NO;
				SWIFT_VERSION = 5.0;
				TEST_TARGET_NAME = wSwitch;
			};
			name = Release;
		};
/* End XCBuildConfiguration section */

/* Begin XCConfigurationList section */
		74C64EE22AC18E8100F3263C /* Build configuration list for PBXProject "wSwitch" */ = {
			isa = XCConfigurationList;
			buildConfigurations = (
				74C64F0A2AC18E8300F3263C /* Debug */,
				74C64F0B2AC18E8300F3263C /* Release */,
			);
			defaultConfigurationIsVisible = 0;
			defaultConfigurationName = Release;
		};
		74C64F0C2AC18E8300F3263C /* Build configuration list for PBXNativeTarget "wSwitch" */ = {
			isa = XCConfigurationList;
			buildConfigurations = (
				74C64F0D2AC18E8300F3263C /* Debug */,
				74C64F0E2AC18E8300F3263C /* Release */,
			);
			defaultConfigurationIsVisible = 0;
			defaultConfigurationName = Release;
		};
		74C64F0F2AC18E8300F3263C /* Build configuration list for PBXNativeTarget "wSwitchTests" */ = {
			isa = XCConfigurationList;
			buildConfigurations = (
				74C64F102AC18E8300F3263C /* Debug */,
				74C64F112AC18E8300F3263C /* Release */,
			);
			defaultConfigurationIsVisible = 0;
			defaultConfigurationName = Release;
		};
		74C64F122AC18E8300F3263C /* Build configuration list for PBXNativeTarget "wSwitchUITests" */ = {
			isa = XCConfigurationList;
			buildConfigurations = (
				74C64F132AC18E8300F3263C /* Debug */,
				74C64F142AC18E8300F3263C /* Release */,
			);
			defaultConfigurationIsVisible = 0;
			defaultConfigurationName = Release;
		};
/* End XCConfigurationList section */
	};
	rootObject = 74C64EDF2AC18E8100F3263C /* Project object */;
}
